
Microsoft Visual Studio Solution File, Format Version 12.00
# Visual Studio Version 16
VisualStudioVersion = 16.0.30611.23
MinimumVisualStudioVersion = 10.0.40219.1
Project("{FAE04EC0-301F-11D3-BF4B-00C04F79EFBC}") = "SEH-America", "SEH-America.csproj", "{B70D50EE-A3D9-47D9-864A-BAAB2910BC97}"
EndProject
Global
	GlobalSection(SolutionConfigurationPlatforms) = preSolution
		Debug|Any CPU = Debug|Any CPU
		Release|Any CPU = Release|Any CPU
	EndGlobalSection
	GlobalSection(ProjectConfigurationPlatforms) = postSolution
		{B70D50EE-A3D9-47D9-864A-BAAB2910BC97}.Debug|Any CPU.ActiveCfg = Debug|Any CPU
		{B70D50EE-A3D9-47D9-864A-BAAB2910BC97}.Debug|Any CPU.Build.0 = Debug|Any CPU
		{B70D50EE-A3D9-47D9-864A-BAAB2910BC97}.Release|Any CPU.ActiveCfg = Release|Any CPU
		{B70D50EE-A3D9-47D9-864A-BAAB2910BC97}.Release|Any CPU.Build.0 = Release|Any CPU
	EndGlobalSection
	GlobalSection(SolutionProperties) = preSolution
		HideSolutionNode = FALSE
	EndGlobalSection
	GlobalSection(ExtensibilityGlobals) = postSolution
		SolutionGuid = {625530DA-39E8-42EA-AD1C-C579959B1E16}
	EndGlobalSection
EndGlobal
